
Microsoft Visual Studio Solution File, Format Version 12.00
# Visual Studio Version 16
VisualStudioVersion = 16.0.31605.320
MinimumVisualStudioVersion = 10.0.40219.1
Project("{FAE04EC0-301F-11D3-BF4B-00C04F79EFBC}") = "Painter", "Painter.csproj", "{55D79E35-5D78-4749-8424-75FCDD814F88}"
EndProject
Global
	GlobalSection(SolutionConfigurationPlatforms) = preSolution
		Debug|Any CPU = Debug|Any CPU
		Release|Any CPU = Release|Any CPU
	EndGlobalSection
	GlobalSection(ProjectConfigurationPlatforms) = postSolution
		{55D79E35-5D78-4749-8424-75FCDD814F88}.Debug|Any CPU.ActiveCfg = Debug|Any CPU
		{55D79E35-5D78-4749-8424-75FCDD814F88}.Debug|Any CPU.Build.0 = Debug|Any CPU
		{55D79E35-5D78-4749-8424-75FCDD814F88}.Release|Any CPU.ActiveCfg = Release|Any CPU
		{55D79E35-5D78-4749-8424-75FCDD814F88}.Release|Any CPU.Build.0 = Release|Any CPU
	EndGlobalSection
	GlobalSection(SolutionProperties) = preSolution
		HideSolutionNode = FALSE
	EndGlobalSection
	GlobalSection(ExtensibilityGlobals) = postSolution
		SolutionGuid = {705982B1-D7A2-414B-A252-4B1850BE26BE}
	EndGlobalSection
EndGlobal
